{
  "name": "authebuy",
  "version": "1.0.0",
  "lockfileVersion": 1,
  "requires": true,
  "dependencies": {
    "jwt-simple": {
      "version": "0.5.1",
      "resolved": "https://registry.npmjs.org/jwt-simple/-/jwt-simple-0.5.1.tgz",
      "integrity": "sha1-eeoBiRth3mto4T5nwLS1vak3spQ="
    },
    "moment": {
      "version": "2.22.1",
      "resolved": "https://registry.npmjs.org/moment/-/moment-2.22.1.tgz",
      "integrity": "sha512-shJkRTSebXvsVqk56I+lkb2latjBs8I+pc2TzWc545y2iFnSjm7Wg0QMh+ZWcdSLQyGEau5jI8ocnmkyTgr9YQ=="
    }
  }
}
